
Microsoft Visual Studio Solution File, Format Version 12.00
# Visual Studio Version 16
VisualStudioVersion = 16.0.31424.327
MinimumVisualStudioVersion = 10.0.40219.1
Project("{FAE04EC0-301F-11D3-BF4B-00C04F79EFBC}") = "1. Command Pattern", "ReflectionExercise\1. Command Pattern.csproj", "{E5E61F41-39DF-49E7-A97B-ED1414149AB2}"
EndProject
Project("{FAE04EC0-301F-11D3-BF4B-00C04F79EFBC}") = "1.Validation_Attributes", "1.Validation_Attributes\1.Validation_Attributes.csproj", "{F6F613D2-FF05-4B73-82E1-A1479BF60546}"
EndProject
Global
	GlobalSection(SolutionConfigurationPlatforms) = preSolution
		Debug|Any CPU = Debug|Any CPU
		Release|Any CPU = Release|Any CPU
	EndGlobalSection
	GlobalSection(ProjectConfigurationPlatforms) = postSolution
		{E5E61F41-39DF-49E7-A97B-ED1414149AB2}.Debug|Any CPU.ActiveCfg = Debug|Any CPU
		{E5E61F41-39DF-49E7-A97B-ED1414149AB2}.Debug|Any CPU.Build.0 = Debug|Any CPU
		{E5E61F41-39DF-49E7-A97B-ED1414149AB2}.Release|Any CPU.ActiveCfg = Release|Any CPU
		{E5E61F41-39DF-49E7-A97B-ED1414149AB2}.Release|Any CPU.Build.0 = Release|Any CPU
		{F6F613D2-FF05-4B73-82E1-A1479BF60546}.Debug|Any CPU.ActiveCfg = Debug|Any CPU
		{F6F613D2-FF05-4B73-82E1-A1479BF60546}.Debug|Any CPU.Build.0 = Debug|Any CPU
		{F6F613D2-FF05-4B73-82E1-A1479BF60546}.Release|Any CPU.ActiveCfg = Release|Any CPU
		{F6F613D2-FF05-4B73-82E1-A1479BF60546}.Release|Any CPU.Build.0 = Release|Any CPU
	EndGlobalSection
	GlobalSection(SolutionProperties) = preSolution
		HideSolutionNode = FALSE
	EndGlobalSection
	GlobalSection(ExtensibilityGlobals) = postSolution
		SolutionGuid = {FA7A5DA4-4C38-4E26-B1FA-9E4F96D3BAF1}
	EndGlobalSection
EndGlobal
